
Microsoft Visual Studio Solution File, Format Version 12.00
# Visual Studio 15
VisualStudioVersion = 15.0.26403.7
MinimumVisualStudioVersion = 10.0.40219.1
Project("{8BC9CEB8-8B4A-11D0-8D11-00A0C91BC942}") = "Ex01_Lista", "Ex1_Lista\Ex1_Lista.vcxproj", "{B94187D3-852F-4D6E-85F9-8A32AD1D4938}"
EndProject
Project("{8BC9CEB8-8B4A-11D0-8D11-00A0C91BC942}") = "Ex02_Lista", "Ex2_Lista\Ex2_Lista.vcxproj", "{A8230936-818F-4496-8BF0-D6A58EBC655F}"
EndProject
Project("{8BC9CEB8-8B4A-11D0-8D11-00A0C91BC942}") = "Ex03_Lista", "Ex3_Lista\Ex3_Lista.vcxproj", "{71DB49C5-371A-4F4C-8484-7E1765B4F582}"
EndProject
Project("{8BC9CEB8-8B4A-11D0-8D11-00A0C91BC942}") = "Ex04_Lista", "Ex4_Lista\Ex4_Lista.vcxproj", "{47BD746D-D56D-4F2C-8BB5-066BEADB2230}"
EndProject
Project("{8BC9CEB8-8B4A-11D0-8D11-00A0C91BC942}") = "Ex05_Lista", "Ex5_Lista\Ex5_Lista.vcxproj", "{6B1A7558-2F3A-4DEB-B644-854BC3D5DE71}"
EndProject
Project("{8BC9CEB8-8B4A-11D0-8D11-00A0C91BC942}") = "Ex06_Lista", "Ex6_Lista\Ex6_Lista.vcxproj", "{25B5706C-4B80-494F-B27F-4E178FBBCD39}"
EndProject
Project("{8BC9CEB8-8B4A-11D0-8D11-00A0C91BC942}") = "Ex07_Lista", "Ex7_Lista\Ex7_Lista.vcxproj", "{60D40A21-4CE4-458D-A65F-CD11F1C41A7E}"
EndProject
Project("{8BC9CEB8-8B4A-11D0-8D11-00A0C91BC942}") = "Ex08_Lista", "Ex8_Lista\Ex8_Lista.vcxproj", "{0A27FE5B-E834-4558-A1AA-CD25A2F4F880}"
EndProject
Project("{8BC9CEB8-8B4A-11D0-8D11-00A0C91BC942}") = "Ex09_Lista", "Ex9_Lista\Ex9_Lista.vcxproj", "{B93EDDC9-D700-4B36-9223-DA63C2E37688}"
EndProject
Project("{8BC9CEB8-8B4A-11D0-8D11-00A0C91BC942}") = "Ex10_Lista", "Ex10_Lista\Ex10_Lista.vcxproj", "{5FD0AB6C-4A28-4A32-9002-5F9C8A6DFC0B}"
EndProject
Project("{8BC9CEB8-8B4A-11D0-8D11-00A0C91BC942}") = "Ex11_Lista", "Ex11_Lista\Ex11_Lista.vcxproj", "{D2959F3D-EC75-41BF-8BF1-46905697620C}"
EndProject
Project("{8BC9CEB8-8B4A-11D0-8D11-00A0C91BC942}") = "Ex12_Lista", "Ex12_Lista\Ex12_Lista.vcxproj", "{96353F5E-1A8A-4B02-B5F5-703872E0755F}"
EndProject
Project("{8BC9CEB8-8B4A-11D0-8D11-00A0C91BC942}") = "Ex13_Lista", "Ex13_Lista\Ex13_Lista.vcxproj", "{BA9002A8-7A21-4AA1-B4E8-FD76DEAA6797}"
EndProject
Project("{8BC9CEB8-8B4A-11D0-8D11-00A0C91BC942}") = "Ex14_Lista", "Ex14_Lista\Ex14_Lista.vcxproj", "{77E5D793-6599-40A2-95AE-C1F52846F279}"
EndProject
Project("{8BC9CEB8-8B4A-11D0-8D11-00A0C91BC942}") = "Ex15_Lista", "Ex15_Lista\Ex15_Lista.vcxproj", "{95CF36D4-930D-4C80-B312-8CDB06A7AF94}"
EndProject
Project("{8BC9CEB8-8B4A-11D0-8D11-00A0C91BC942}") = "Ex17_Lista", "Ex17_Lista\Ex17_Lista.vcxproj", "{97AF5668-3705-4800-8BED-07FABD315286}"
EndProject
Project("{8BC9CEB8-8B4A-11D0-8D11-00A0C91BC942}") = "Ex16_Lista", "Ex16_Lista\Ex16_Lista.vcxproj", "{364583FE-AC46-4C6E-A4AF-B88CE1CB329B}"
EndProject
Project("{8BC9CEB8-8B4A-11D0-8D11-00A0C91BC942}") = "Ex18_Lista", "Ex18_Lista\Ex18_Lista.vcxproj", "{EB75CC5E-C3F7-4E45-84AE-4F1D189AF58A}"
EndProject
Project("{8BC9CEB8-8B4A-11D0-8D11-00A0C91BC942}") = "Ex19_Lista", "Ex19_Lista\Ex19_Lista.vcxproj", "{362A5682-D50F-40D1-94FF-C92EF44074EB}"
EndProject
Project("{8BC9CEB8-8B4A-11D0-8D11-00A0C91BC942}") = "Ex20_Lista", "Ex20_Lista\Ex20_Lista.vcxproj", "{96D19E4F-D593-47BE-A5DB-FD5BC9A58BC8}"
EndProject
Project("{8BC9CEB8-8B4A-11D0-8D11-00A0C91BC942}") = "Ex21_Lista", "Ex21_Lista\Ex21_Lista.vcxproj", "{15176EF5-E88E-4BE7-A498-04A60B845768}"
EndProject
Project("{8BC9CEB8-8B4A-11D0-8D11-00A0C91BC942}") = "Ex22_Lista", "Ex22_Lista\Ex22_Lista.vcxproj", "{5C9A9FC0-03A2-4E0E-81CE-3BB19E18A769}"
EndProject
Project("{8BC9CEB8-8B4A-11D0-8D11-00A0C91BC942}") = "Ex23_Lista", "Ex23_Lista\Ex23_Lista.vcxproj", "{6BBF5AE5-5919-4D28-934A-8527CFFE3D9E}"
EndProject
Project("{8BC9CEB8-8B4A-11D0-8D11-00A0C91BC942}") = "Ex24_Lista", "Ex24_Lista\Ex24_Lista.vcxproj", "{75BA0BDB-7263-4F56-ACAE-0A074B2A9EE0}"
EndProject
Project("{8BC9CEB8-8B4A-11D0-8D11-00A0C91BC942}") = "Ex25_Lista", "Ex25_Lista\Ex25_Lista.vcxproj", "{200C12E8-E792-4A3C-856A-3D4FA981BDA4}"
EndProject
Project("{8BC9CEB8-8B4A-11D0-8D11-00A0C91BC942}") = "Ex26_Lista", "Ex26_Lista\Ex26_Lista.vcxproj", "{8DC59C3F-6DC1-47E2-860A-291042BF00C6}"
EndProject
Project("{8BC9CEB8-8B4A-11D0-8D11-00A0C91BC942}") = "Ex27_Lista", "Ex27_Lista\Ex27_Lista.vcxproj", "{E5A9DADB-04AF-44B0-BC18-2FDF9E7638C1}"
EndProject
Project("{8BC9CEB8-8B4A-11D0-8D11-00A0C91BC942}") = "Ex28_Lista", "Ex28_Lista\Ex28_Lista.vcxproj", "{814E45B3-FEE0-43A5-8C42-3AE85323FE15}"
EndProject
Project("{8BC9CEB8-8B4A-11D0-8D11-00A0C91BC942}") = "Ex29_Lista", "Ex29_Lista\Ex29_Lista.vcxproj", "{79D41E8D-67F7-4DEC-BA91-BB422959BA60}"
EndProject
Project("{8BC9CEB8-8B4A-11D0-8D11-00A0C91BC942}") = "Ex30_Lista", "Ex30_Lista\Ex30_Lista.vcxproj", "{27C007E8-D661-43E3-96F2-E0098E37AFA6}"
EndProject
Project("{8BC9CEB8-8B4A-11D0-8D11-00A0C91BC942}") = "Ex31_Lista", "Ex31_Lista\Ex31_Lista.vcxproj", "{E4E7B3FE-EB55-4A2A-A5AB-71302D2D3E63}"
EndProject
Project("{8BC9CEB8-8B4A-11D0-8D11-00A0C91BC942}") = "Ex32_Lista", "Ex32_Lista\Ex32_Lista.vcxproj", "{1D9849EB-6517-4F51-B2FC-8D5AE8EE9379}"
EndProject
Project("{8BC9CEB8-8B4A-11D0-8D11-00A0C91BC942}") = "Ex33_Lista", "Ex33_Lista\Ex33_Lista.vcxproj", "{4518E274-FE59-4519-88D0-5DCC8E5EC21C}"
EndProject
Project("{8BC9CEB8-8B4A-11D0-8D11-00A0C91BC942}") = "Ex34_Lista", "Ex34_Lista\Ex34_Lista.vcxproj", "{79ECE982-89D6-4E5B-B239-BE58F7A533E5}"
EndProject
Project("{8BC9CEB8-8B4A-11D0-8D11-00A0C91BC942}") = "Ex35_Lista", "Ex35_Lista\Ex35_Lista.vcxproj", "{2B1EFA89-FFF9-458B-A6D0-9F24C21DF130}"
EndProject
Project("{8BC9CEB8-8B4A-11D0-8D11-00A0C91BC942}") = "Ex36_Lista", "Ex36_Lista\Ex36_Lista.vcxproj", "{92B39515-F253-4056-A52C-AB650923FE0C}"
EndProject
Project("{8BC9CEB8-8B4A-11D0-8D11-00A0C91BC942}") = "Ex37_Lista", "Ex37_Lista\Ex37_Lista.vcxproj", "{8DD5B42D-74FE-4088-8FE6-0CD509DA4F05}"
EndProject
Project("{8BC9CEB8-8B4A-11D0-8D11-00A0C91BC942}") = "Ex38_Lista", "Ex38_Lista\Ex38_Lista.vcxproj", "{9400ACBF-FF50-40A1-9903-1C64AB0832E1}"
EndProject
Project("{8BC9CEB8-8B4A-11D0-8D11-00A0C91BC942}") = "Ex40_Lista", "Ex40_Lista\Ex40_Lista.vcxproj", "{B0AAE09A-EB3B-4AA4-AEA4-287D476BE84E}"
EndProject
Project("{8BC9CEB8-8B4A-11D0-8D11-00A0C91BC942}") = "Ex39_Lista", "Ex39_Lista\Ex39_Lista.vcxproj", "{C6F94EB7-9B56-4B27-86BF-1BD5609CA8A0}"
EndProject
Global
	GlobalSection(SolutionConfigurationPlatforms) = preSolution
		Debug|x64 = Debug|x64
		Debug|x86 = Debug|x86
		Release|x64 = Release|x64
		Release|x86 = Release|x86
	EndGlobalSection
	GlobalSection(ProjectConfigurationPlatforms) = postSolution
		{B94187D3-852F-4D6E-85F9-8A32AD1D4938}.Debug|x64.ActiveCfg = Debug|x64
		{B94187D3-852F-4D6E-85F9-8A32AD1D4938}.Debug|x64.Build.0 = Debug|x64
		{B94187D3-852F-4D6E-85F9-8A32AD1D4938}.Debug|x86.ActiveCfg = Debug|Win32
		{B94187D3-852F-4D6E-85F9-8A32AD1D4938}.Debug|x86.Build.0 = Debug|Win32
		{B94187D3-852F-4D6E-85F9-8A32AD1D4938}.Release|x64.ActiveCfg = Release|x64
		{B94187D3-852F-4D6E-85F9-8A32AD1D4938}.Release|x64.Build.0 = Release|x64
		{B94187D3-852F-4D6E-85F9-8A32AD1D4938}.Release|x86.ActiveCfg = Release|Win32
		{B94187D3-852F-4D6E-85F9-8A32AD1D4938}.Release|x86.Build.0 = Release|Win32
		{A8230936-818F-4496-8BF0-D6A58EBC655F}.Debug|x64.ActiveCfg = Debug|x64
		{A8230936-818F-4496-8BF0-D6A58EBC655F}.Debug|x64.Build.0 = Debug|x64
		{A8230936-818F-4496-8BF0-D6A58EBC655F}.Debug|x86.ActiveCfg = Debug|Win32
		{A8230936-818F-4496-8BF0-D6A58EBC655F}.Debug|x86.Build.0 = Debug|Win32
		{A8230936-818F-4496-8BF0-D6A58EBC655F}.Release|x64.ActiveCfg = Release|x64
		{A8230936-818F-4496-8BF0-D6A58EBC655F}.Release|x64.Build.0 = Release|x64
		{A8230936-818F-4496-8BF0-D6A58EBC655F}.Release|x86.ActiveCfg = Release|Win32
		{A8230936-818F-4496-8BF0-D6A58EBC655F}.Release|x86.Build.0 = Release|Win32
		{71DB49C5-371A-4F4C-8484-7E1765B4F582}.Debug|x64.ActiveCfg = Debug|x64
		{71DB49C5-371A-4F4C-8484-7E1765B4F582}.Debug|x64.Build.0 = Debug|x64
		{71DB49C5-371A-4F4C-8484-7E1765B4F582}.Debug|x86.ActiveCfg = Debug|Win32
		{71DB49C5-371A-4F4C-8484-7E1765B4F582}.Debug|x86.Build.0 = Debug|Win32
		{71DB49C5-371A-4F4C-8484-7E1765B4F582}.Release|x64.ActiveCfg = Release|x64
		{71DB49C5-371A-4F4C-8484-7E1765B4F582}.Release|x64.Build.0 = Release|x64
		{71DB49C5-371A-4F4C-8484-7E1765B4F582}.Release|x86.ActiveCfg = Release|Win32
		{71DB49C5-371A-4F4C-8484-7E1765B4F582}.Release|x86.Build.0 = Release|Win32
		{47BD746D-D56D-4F2C-8BB5-066BEADB2230}.Debug|x64.ActiveCfg = Debug|x64
		{47BD746D-D56D-4F2C-8BB5-066BEADB2230}.Debug|x64.Build.0 = Debug|x64
		{47BD746D-D56D-4F2C-8BB5-066BEADB2230}.Debug|x86.ActiveCfg = Debug|Win32
		{47BD746D-D56D-4F2C-8BB5-066BEADB2230}.Debug|x86.Build.0 = Debug|Win32
		{47BD746D-D56D-4F2C-8BB5-066BEADB2230}.Release|x64.ActiveCfg = Release|x64
		{47BD746D-D56D-4F2C-8BB5-066BEADB2230}.Release|x64.Build.0 = Release|x64
		{47BD746D-D56D-4F2C-8BB5-066BEADB2230}.Release|x86.ActiveCfg = Release|Win32
		{47BD746D-D56D-4F2C-8BB5-066BEADB2230}.Release|x86.Build.0 = Release|Win32
		{6B1A7558-2F3A-4DEB-B644-854BC3D5DE71}.Debug|x64.ActiveCfg = Debug|x64
		{6B1A7558-2F3A-4DEB-B644-854BC3D5DE71}.Debug|x64.Build.0 = Debug|x64
		{6B1A7558-2F3A-4DEB-B644-854BC3D5DE71}.Debug|x86.ActiveCfg = Debug|Win32
		{6B1A7558-2F3A-4DEB-B644-854BC3D5DE71}.Debug|x86.Build.0 = Debug|Win32
		{6B1A7558-2F3A-4DEB-B644-854BC3D5DE71}.Release|x64.ActiveCfg = Release|x64
		{6B1A7558-2F3A-4DEB-B644-854BC3D5DE71}.Release|x64.Build.0 = Release|x64
		{6B1A7558-2F3A-4DEB-B644-854BC3D5DE71}.Release|x86.ActiveCfg = Release|Win32
		{6B1A7558-2F3A-4DEB-B644-854BC3D5DE71}.Release|x86.Build.0 = Release|Win32
		{25B5706C-4B80-494F-B27F-4E178FBBCD39}.Debug|x64.ActiveCfg = Debug|x64
		{25B5706C-4B80-494F-B27F-4E178FBBCD39}.Debug|x64.Build.0 = Debug|x64
		{25B5706C-4B80-494F-B27F-4E178FBBCD39}.Debug|x86.ActiveCfg = Debug|Win32
		{25B5706C-4B80-494F-B27F-4E178FBBCD39}.Debug|x86.Build.0 = Debug|Win32
		{25B5706C-4B80-494F-B27F-4E178FBBCD39}.Release|x64.ActiveCfg = Release|x64
		{25B5706C-4B80-494F-B27F-4E178FBBCD39}.Release|x64.Build.0 = Release|x64
		{25B5706C-4B80-494F-B27F-4E178FBBCD39}.Release|x86.ActiveCfg = Release|Win32
		{25B5706C-4B80-494F-B27F-4E178FBBCD39}.Release|x86.Build.0 = Release|Win32
		{60D40A21-4CE4-458D-A65F-CD11F1C41A7E}.Debug|x64.ActiveCfg = Debug|x64
		{60D40A21-4CE4-458D-A65F-CD11F1C41A7E}.Debug|x64.Build.0 = Debug|x64
		{60D40A21-4CE4-458D-A65F-CD11F1C41A7E}.Debug|x86.ActiveCfg = Debug|Win32
		{60D40A21-4CE4-458D-A65F-CD11F1C41A7E}.Debug|x86.Build.0 = Debug|Win32
		{60D40A21-4CE4-458D-A65F-CD11F1C41A7E}.Release|x64.ActiveCfg = Release|x64
		{60D40A21-4CE4-458D-A65F-CD11F1C41A7E}.Release|x64.Build.0 = Release|x64
		{60D40A21-4CE4-458D-A65F-CD11F1C41A7E}.Release|x86.ActiveCfg = Release|Win32
		{60D40A21-4CE4-458D-A65F-CD11F1C41A7E}.Release|x86.Build.0 = Release|Win32
		{0A27FE5B-E834-4558-A1AA-CD25A2F4F880}.Debug|x64.ActiveCfg = Debug|x64
		{0A27FE5B-E834-4558-A1AA-CD25A2F4F880}.Debug|x64.Build.0 = Debug|x64
		{0A27FE5B-E834-4558-A1AA-CD25A2F4F880}.Debug|x86.ActiveCfg = Debug|Win32
		{0A27FE5B-E834-4558-A1AA-CD25A2F4F880}.Debug|x86.Build.0 = Debug|Win32
		{0A27FE5B-E834-4558-A1AA-CD25A2F4F880}.Release|x64.ActiveCfg = Release|x64
		{0A27FE5B-E834-4558-A1AA-CD25A2F4F880}.Release|x64.Build.0 = Release|x64
		{0A27FE5B-E834-4558-A1AA-CD25A2F4F880}.Release|x86.ActiveCfg = Release|Win32
		{0A27FE5B-E834-4558-A1AA-CD25A2F4F880}.Release|x86.Build.0 = Release|Win32
		{B93EDDC9-D700-4B36-9223-DA63C2E37688}.Debug|x64.ActiveCfg = Debug|x64
		{B93EDDC9-D700-4B36-9223-DA63C2E37688}.Debug|x64.Build.0 = Debug|x64
		{B93EDDC9-D700-4B36-9223-DA63C2E37688}.Debug|x86.ActiveCfg = Debug|Win32
		{B93EDDC9-D700-4B36-9223-DA63C2E37688}.Debug|x86.Build.0 = Debug|Win32
		{B93EDDC9-D700-4B36-9223-DA63C2E37688}.Release|x64.ActiveCfg = Release|x64
		{B93EDDC9-D700-4B36-9223-DA63C2E37688}.Release|x64.Build.0 = Release|x64
		{B93EDDC9-D700-4B36-9223-DA63C2E37688}.Release|x86.ActiveCfg = Release|Win32
		{B93EDDC9-D700-4B36-9223-DA63C2E37688}.Release|x86.Build.0 = Release|Win32
		{5FD0AB6C-4A28-4A32-9002-5F9C8A6DFC0B}.Debug|x64.ActiveCfg = Debug|x64
		{5FD0AB6C-4A28-4A32-9002-5F9C8A6DFC0B}.Debug|x64.Build.0 = Debug|x64
		{5FD0AB6C-4A28-4A32-9002-5F9C8A6DFC0B}.Debug|x86.ActiveCfg = Debug|Win32
		{5FD0AB6C-4A28-4A32-9002-5F9C8A6DFC0B}.Debug|x86.Build.0 = Debug|Win32
		{5FD0AB6C-4A28-4A32-9002-5F9C8A6DFC0B}.Release|x64.ActiveCfg = Release|x64
		{5FD0AB6C-4A28-4A32-9002-5F9C8A6DFC0B}.Release|x64.Build.0 = Release|x64
		{5FD0AB6C-4A28-4A32-9002-5F9C8A6DFC0B}.Release|x86.ActiveCfg = Release|Win32
		{5FD0AB6C-4A28-4A32-9002-5F9C8A6DFC0B}.Release|x86.Build.0 = Release|Win32
		{D2959F3D-EC75-41BF-8BF1-46905697620C}.Debug|x64.ActiveCfg = Debug|x64
		{D2959F3D-EC75-41BF-8BF1-46905697620C}.Debug|x64.Build.0 = Debug|x64
		{D2959F3D-EC75-41BF-8BF1-46905697620C}.Debug|x86.ActiveCfg = Debug|Win32
		{D2959F3D-EC75-41BF-8BF1-46905697620C}.Debug|x86.Build.0 = Debug|Win32
		{D2959F3D-EC75-41BF-8BF1-46905697620C}.Release|x64.ActiveCfg = Release|x64
		{D2959F3D-EC75-41BF-8BF1-46905697620C}.Release|x64.Build.0 = Release|x64
		{D2959F3D-EC75-41BF-8BF1-46905697620C}.Release|x86.ActiveCfg = Release|Win32
		{D2959F3D-EC75-41BF-8BF1-46905697620C}.Release|x86.Build.0 = Release|Win32
		{96353F5E-1A8A-4B02-B5F5-703872E0755F}.Debug|x64.ActiveCfg = Debug|x64
		{96353F5E-1A8A-4B02-B5F5-703872E0755F}.Debug|x64.Build.0 = Debug|x64
		{96353F5E-1A8A-4B02-B5F5-703872E0755F}.Debug|x86.ActiveCfg = Debug|Win32
		{96353F5E-1A8A-4B02-B5F5-703872E0755F}.Debug|x86.Build.0 = Debug|Win32
		{96353F5E-1A8A-4B02-B5F5-703872E0755F}.Release|x64.ActiveCfg = Release|x64
		{96353F5E-1A8A-4B02-B5F5-703872E0755F}.Release|x64.Build.0 = Release|x64
		{96353F5E-1A8A-4B02-B5F5-703872E0755F}.Release|x86.ActiveCfg = Release|Win32
		{96353F5E-1A8A-4B02-B5F5-703872E0755F}.Release|x86.Build.0 = Release|Win32
		{BA9002A8-7A21-4AA1-B4E8-FD76DEAA6797}.Debug|x64.ActiveCfg = Debug|x64
		{BA9002A8-7A21-4AA1-B4E8-FD76DEAA6797}.Debug|x64.Build.0 = Debug|x64
		{BA9002A8-7A21-4AA1-B4E8-FD76DEAA6797}.Debug|x86.ActiveCfg = Debug|Win32
		{BA9002A8-7A21-4AA1-B4E8-FD76DEAA6797}.Debug|x86.Build.0 = Debug|Win32
		{BA9002A8-7A21-4AA1-B4E8-FD76DEAA6797}.Release|x64.ActiveCfg = Release|x64
		{BA9002A8-7A21-4AA1-B4E8-FD76DEAA6797}.Release|x64.Build.0 = Release|x64
		{BA9002A8-7A21-4AA1-B4E8-FD76DEAA6797}.Release|x86.ActiveCfg = Release|Win32
		{BA9002A8-7A21-4AA1-B4E8-FD76DEAA6797}.Release|x86.Build.0 = Release|Win32
		{77E5D793-6599-40A2-95AE-C1F52846F279}.Debug|x64.ActiveCfg = Debug|x64
		{77E5D793-6599-40A2-95AE-C1F52846F279}.Debug|x64.Build.0 = Debug|x64
		{77E5D793-6599-40A2-95AE-C1F52846F279}.Debug|x86.ActiveCfg = Debug|Win32
		{77E5D793-6599-40A2-95AE-C1F52846F279}.Debug|x86.Build.0 = Debug|Win32
		{77E5D793-6599-40A2-95AE-C1F52846F279}.Release|x64.ActiveCfg = Release|x64
		{77E5D793-6599-40A2-95AE-C1F52846F279}.Release|x64.Build.0 = Release|x64
		{77E5D793-6599-40A2-95AE-C1F52846F279}.Release|x86.ActiveCfg = Release|Win32
		{77E5D793-6599-40A2-95AE-C1F52846F279}.Release|x86.Build.0 = Release|Win32
		{95CF36D4-930D-4C80-B312-8CDB06A7AF94}.Debug|x64.ActiveCfg = Debug|x64
		{95CF36D4-930D-4C80-B312-8CDB06A7AF94}.Debug|x64.Build.0 = Debug|x64
		{95CF36D4-930D-4C80-B312-8CDB06A7AF94}.Debug|x86.ActiveCfg = Debug|Win32
		{95CF36D4-930D-4C80-B312-8CDB06A7AF94}.Debug|x86.Build.0 = Debug|Win32
		{95CF36D4-930D-4C80-B312-8CDB06A7AF94}.Release|x64.ActiveCfg = Release|x64
		{95CF36D4-930D-4C80-B312-8CDB06A7AF94}.Release|x64.Build.0 = Release|x64
		{95CF36D4-930D-4C80-B312-8CDB06A7AF94}.Release|x86.ActiveCfg = Release|Win32
		{95CF36D4-930D-4C80-B312-8CDB06A7AF94}.Release|x86.Build.0 = Release|Win32
		{97AF5668-3705-4800-8BED-07FABD315286}.Debug|x64.ActiveCfg = Debug|x64
		{97AF5668-3705-4800-8BED-07FABD315286}.Debug|x64.Build.0 = Debug|x64
		{97AF5668-3705-4800-8BED-07FABD315286}.Debug|x86.ActiveCfg = Debug|Win32
		{97AF5668-3705-4800-8BED-07FABD315286}.Debug|x86.Build.0 = Debug|Win32
		{97AF5668-3705-4800-8BED-07FABD315286}.Release|x64.ActiveCfg = Release|x64
		{97AF5668-3705-4800-8BED-07FABD315286}.Release|x64.Build.0 = Release|x64
		{97AF5668-3705-4800-8BED-07FABD315286}.Release|x86.ActiveCfg = Release|Win32
		{97AF5668-3705-4800-8BED-07FABD315286}.Release|x86.Build.0 = Release|Win32
		{364583FE-AC46-4C6E-A4AF-B88CE1CB329B}.Debug|x64.ActiveCfg = Debug|x64
		{364583FE-AC46-4C6E-A4AF-B88CE1CB329B}.Debug|x64.Build.0 = Debug|x64
		{364583FE-AC46-4C6E-A4AF-B88CE1CB329B}.Debug|x86.ActiveCfg = Debug|Win32
		{364583FE-AC46-4C6E-A4AF-B88CE1CB329B}.Debug|x86.Build.0 = Debug|Win32
		{364583FE-AC46-4C6E-A4AF-B88CE1CB329B}.Release|x64.ActiveCfg = Release|x64
		{364583FE-AC46-4C6E-A4AF-B88CE1CB329B}.Release|x64.Build.0 = Release|x64
		{364583FE-AC46-4C6E-A4AF-B88CE1CB329B}.Release|x86.ActiveCfg = Release|Win32
		{364583FE-AC46-4C6E-A4AF-B88CE1CB329B}.Release|x86.Build.0 = Release|Win32
		{EB75CC5E-C3F7-4E45-84AE-4F1D189AF58A}.Debug|x64.ActiveCfg = Debug|x64
		{EB75CC5E-C3F7-4E45-84AE-4F1D189AF58A}.Debug|x64.Build.0 = Debug|x64
		{EB75CC5E-C3F7-4E45-84AE-4F1D189AF58A}.Debug|x86.ActiveCfg = Debug|Win32
		{EB75CC5E-C3F7-4E45-84AE-4F1D189AF58A}.Debug|x86.Build.0 = Debug|Win32
		{EB75CC5E-C3F7-4E45-84AE-4F1D189AF58A}.Release|x64.ActiveCfg = Release|x64
		{EB75CC5E-C3F7-4E45-84AE-4F1D189AF58A}.Release|x64.Build.0 = Release|x64
		{EB75CC5E-C3F7-4E45-84AE-4F1D189AF58A}.Release|x86.ActiveCfg = Release|Win32
		{EB75CC5E-C3F7-4E45-84AE-4F1D189AF58A}.Release|x86.Build.0 = Release|Win32
		{362A5682-D50F-40D1-94FF-C92EF44074EB}.Debug|x64.ActiveCfg = Debug|x64
		{362A5682-D50F-40D1-94FF-C92EF44074EB}.Debug|x64.Build.0 = Debug|x64
		{362A5682-D50F-40D1-94FF-C92EF44074EB}.Debug|x86.ActiveCfg = Debug|Win32
		{362A5682-D50F-40D1-94FF-C92EF44074EB}.Debug|x86.Build.0 = Debug|Win32
		{362A5682-D50F-40D1-94FF-C92EF44074EB}.Release|x64.ActiveCfg = Release|x64
		{362A5682-D50F-40D1-94FF-C92EF44074EB}.Release|x64.Build.0 = Release|x64
		{362A5682-D50F-40D1-94FF-C92EF44074EB}.Release|x86.ActiveCfg = Release|Win32
		{362A5682-D50F-40D1-94FF-C92EF44074EB}.Release|x86.Build.0 = Release|Win32
		{96D19E4F-D593-47BE-A5DB-FD5BC9A58BC8}.Debug|x64.ActiveCfg = Debug|x64
		{96D19E4F-D593-47BE-A5DB-FD5BC9A58BC8}.Debug|x64.Build.0 = Debug|x64
		{96D19E4F-D593-47BE-A5DB-FD5BC9A58BC8}.Debug|x86.ActiveCfg = Debug|Win32
		{96D19E4F-D593-47BE-A5DB-FD5BC9A58BC8}.Debug|x86.Build.0 = Debug|Win32
		{96D19E4F-D593-47BE-A5DB-FD5BC9A58BC8}.Release|x64.ActiveCfg = Release|x64
		{96D19E4F-D593-47BE-A5DB-FD5BC9A58BC8}.Release|x64.Build.0 = Release|x64
		{96D19E4F-D593-47BE-A5DB-FD5BC9A58BC8}.Release|x86.ActiveCfg = Release|Win32
		{96D19E4F-D593-47BE-A5DB-FD5BC9A58BC8}.Release|x86.Build.0 = Release|Win32
		{15176EF5-E88E-4BE7-A498-04A60B845768}.Debug|x64.ActiveCfg = Debug|x64
		{15176EF5-E88E-4BE7-A498-04A60B845768}.Debug|x64.Build.0 = Debug|x64
		{15176EF5-E88E-4BE7-A498-04A60B845768}.Debug|x86.ActiveCfg = Debug|Win32
		{15176EF5-E88E-4BE7-A498-04A60B845768}.Debug|x86.Build.0 = Debug|Win32
		{15176EF5-E88E-4BE7-A498-04A60B845768}.Release|x64.ActiveCfg = Release|x64
		{15176EF5-E88E-4BE7-A498-04A60B845768}.Release|x64.Build.0 = Release|x64
		{15176EF5-E88E-4BE7-A498-04A60B845768}.Release|x86.ActiveCfg = Release|Win32
		{15176EF5-E88E-4BE7-A498-04A60B845768}.Release|x86.Build.0 = Release|Win32
		{5C9A9FC0-03A2-4E0E-81CE-3BB19E18A769}.Debug|x64.ActiveCfg = Debug|x64
		{5C9A9FC0-03A2-4E0E-81CE-3BB19E18A769}.Debug|x64.Build.0 = Debug|x64
		{5C9A9FC0-03A2-4E0E-81CE-3BB19E18A769}.Debug|x86.ActiveCfg = Debug|Win32
		{5C9A9FC0-03A2-4E0E-81CE-3BB19E18A769}.Debug|x86.Build.0 = Debug|Win32
		{5C9A9FC0-03A2-4E0E-81CE-3BB19E18A769}.Release|x64.ActiveCfg = Release|x64
		{5C9A9FC0-03A2-4E0E-81CE-3BB19E18A769}.Release|x64.Build.0 = Release|x64
		{5C9A9FC0-03A2-4E0E-81CE-3BB19E18A769}.Release|x86.ActiveCfg = Release|Win32
		{5C9A9FC0-03A2-4E0E-81CE-3BB19E18A769}.Release|x86.Build.0 = Release|Win32
		{6BBF5AE5-5919-4D28-934A-8527CFFE3D9E}.Debug|x64.ActiveCfg = Debug|x64
		{6BBF5AE5-5919-4D28-934A-8527CFFE3D9E}.Debug|x64.Build.0 = Debug|x64
		{6BBF5AE5-5919-4D28-934A-8527CFFE3D9E}.Debug|x86.ActiveCfg = Debug|Win32
		{6BBF5AE5-5919-4D28-934A-8527CFFE3D9E}.Debug|x86.Build.0 = Debug|Win32
		{6BBF5AE5-5919-4D28-934A-8527CFFE3D9E}.Release|x64.ActiveCfg = Release|x64
		{6BBF5AE5-5919-4D28-934A-8527CFFE3D9E}.Release|x64.Build.0 = Release|x64
		{6BBF5AE5-5919-4D28-934A-8527CFFE3D9E}.Release|x86.ActiveCfg = Release|Win32
		{6BBF5AE5-5919-4D28-934A-8527CFFE3D9E}.Release|x86.Build.0 = Release|Win32
		{75BA0BDB-7263-4F56-ACAE-0A074B2A9EE0}.Debug|x64.ActiveCfg = Debug|x64
		{75BA0BDB-7263-4F56-ACAE-0A074B2A9EE0}.Debug|x64.Build.0 = Debug|x64
		{75BA0BDB-7263-4F56-ACAE-0A074B2A9EE0}.Debug|x86.ActiveCfg = Debug|Win32
		{75BA0BDB-7263-4F56-ACAE-0A074B2A9EE0}.Debug|x86.Build.0 = Debug|Win32
		{75BA0BDB-7263-4F56-ACAE-0A074B2A9EE0}.Release|x64.ActiveCfg = Release|x64
		{75BA0BDB-7263-4F56-ACAE-0A074B2A9EE0}.Release|x64.Build.0 = Release|x64
		{75BA0BDB-7263-4F56-ACAE-0A074B2A9EE0}.Release|x86.ActiveCfg = Release|Win32
		{75BA0BDB-7263-4F56-ACAE-0A074B2A9EE0}.Release|x86.Build.0 = Release|Win32
		{200C12E8-E792-4A3C-856A-3D4FA981BDA4}.Debug|x64.ActiveCfg = Debug|x64
		{200C12E8-E792-4A3C-856A-3D4FA981BDA4}.Debug|x64.Build.0 = Debug|x64
		{200C12E8-E792-4A3C-856A-3D4FA981BDA4}.Debug|x86.ActiveCfg = Debug|Win32
		{200C12E8-E792-4A3C-856A-3D4FA981BDA4}.Debug|x86.Build.0 = Debug|Win32
		{200C12E8-E792-4A3C-856A-3D4FA981BDA4}.Release|x64.ActiveCfg = Release|x64
		{200C12E8-E792-4A3C-856A-3D4FA981BDA4}.Release|x64.Build.0 = Release|x64
		{200C12E8-E792-4A3C-856A-3D4FA981BDA4}.Release|x86.ActiveCfg = Release|Win32
		{200C12E8-E792-4A3C-856A-3D4FA981BDA4}.Release|x86.Build.0 = Release|Win32
		{8DC59C3F-6DC1-47E2-860A-291042BF00C6}.Debug|x64.ActiveCfg = Debug|x64
		{8DC59C3F-6DC1-47E2-860A-291042BF00C6}.Debug|x64.Build.0 = Debug|x64
		{8DC59C3F-6DC1-47E2-860A-291042BF00C6}.Debug|x86.ActiveCfg = Debug|Win32
		{8DC59C3F-6DC1-47E2-860A-291042BF00C6}.Debug|x86.Build.0 = Debug|Win32
		{8DC59C3F-6DC1-47E2-860A-291042BF00C6}.Release|x64.ActiveCfg = Release|x64
		{8DC59C3F-6DC1-47E2-860A-291042BF00C6}.Release|x64.Build.0 = Release|x64
		{8DC59C3F-6DC1-47E2-860A-291042BF00C6}.Release|x86.ActiveCfg = Release|Win32
		{8DC59C3F-6DC1-47E2-860A-291042BF00C6}.Release|x86.Build.0 = Release|Win32
		{E5A9DADB-04AF-44B0-BC18-2FDF9E7638C1}.Debug|x64.ActiveCfg = Debug|x64
		{E5A9DADB-04AF-44B0-BC18-2FDF9E7638C1}.Debug|x64.Build.0 = Debug|x64
		{E5A9DADB-04AF-44B0-BC18-2FDF9E7638C1}.Debug|x86.ActiveCfg = Debug|Win32
		{E5A9DADB-04AF-44B0-BC18-2FDF9E7638C1}.Debug|x86.Build.0 = Debug|Win32
		{E5A9DADB-04AF-44B0-BC18-2FDF9E7638C1}.Release|x64.ActiveCfg = Release|x64
		{E5A9DADB-04AF-44B0-BC18-2FDF9E7638C1}.Release|x64.Build.0 = Release|x64
		{E5A9DADB-04AF-44B0-BC18-2FDF9E7638C1}.Release|x86.ActiveCfg = Release|Win32
		{E5A9DADB-04AF-44B0-BC18-2FDF9E7638C1}.Release|x86.Build.0 = Release|Win32
		{814E45B3-FEE0-43A5-8C42-3AE85323FE15}.Debug|x64.ActiveCfg = Debug|x64
		{814E45B3-FEE0-43A5-8C42-3AE85323FE15}.Debug|x64.Build.0 = Debug|x64
		{814E45B3-FEE0-43A5-8C42-3AE85323FE15}.Debug|x86.ActiveCfg = Debug|Win32
		{814E45B3-FEE0-43A5-8C42-3AE85323FE15}.Debug|x86.Build.0 = Debug|Win32
		{814E45B3-FEE0-43A5-8C42-3AE85323FE15}.Release|x64.ActiveCfg = Release|x64
		{814E45B3-FEE0-43A5-8C42-3AE85323FE15}.Release|x64.Build.0 = Release|x64
		{814E45B3-FEE0-43A5-8C42-3AE85323FE15}.Release|x86.ActiveCfg = Release|Win32
		{814E45B3-FEE0-43A5-8C42-3AE85323FE15}.Release|x86.Build.0 = Release|Win32
		{79D41E8D-67F7-4DEC-BA91-BB422959BA60}.Debug|x64.ActiveCfg = Debug|x64
		{79D41E8D-67F7-4DEC-BA91-BB422959BA60}.Debug|x64.Build.0 = Debug|x64
		{79D41E8D-67F7-4DEC-BA91-BB422959BA60}.Debug|x86.ActiveCfg = Debug|Win32
		{79D41E8D-67F7-4DEC-BA91-BB422959BA60}.Debug|x86.Build.0 = Debug|Win32
		{79D41E8D-67F7-4DEC-BA91-BB422959BA60}.Release|x64.ActiveCfg = Release|x64
		{79D41E8D-67F7-4DEC-BA91-BB422959BA60}.Release|x64.Build.0 = Release|x64
		{79D41E8D-67F7-4DEC-BA91-BB422959BA60}.Release|x86.ActiveCfg = Release|Win32
		{79D41E8D-67F7-4DEC-BA91-BB422959BA60}.Release|x86.Build.0 = Release|Win32
		{27C007E8-D661-43E3-96F2-E0098E37AFA6}.Debug|x64.ActiveCfg = Debug|x64
		{27C007E8-D661-43E3-96F2-E0098E37AFA6}.Debug|x64.Build.0 = Debug|x64
		{27C007E8-D661-43E3-96F2-E0098E37AFA6}.Debug|x86.ActiveCfg = Debug|Win32
		{27C007E8-D661-43E3-96F2-E0098E37AFA6}.Debug|x86.Build.0 = Debug|Win32
		{27C007E8-D661-43E3-96F2-E0098E37AFA6}.Release|x64.ActiveCfg = Release|x64
		{27C007E8-D661-43E3-96F2-E0098E37AFA6}.Release|x64.Build.0 = Release|x64
		{27C007E8-D661-43E3-96F2-E0098E37AFA6}.Release|x86.ActiveCfg = Release|Win32
		{27C007E8-D661-43E3-96F2-E0098E37AFA6}.Release|x86.Build.0 = Release|Win32
		{E4E7B3FE-EB55-4A2A-A5AB-71302D2D3E63}.Debug|x64.ActiveCfg = Debug|x64
		{E4E7B3FE-EB55-4A2A-A5AB-71302D2D3E63}.Debug|x64.Build.0 = Debug|x64
		{E4E7B3FE-EB55-4A2A-A5AB-71302D2D3E63}.Debug|x86.ActiveCfg = Debug|Win32
		{E4E7B3FE-EB55-4A2A-A5AB-71302D2D3E63}.Debug|x86.Build.0 = Debug|Win32
		{E4E7B3FE-EB55-4A2A-A5AB-71302D2D3E63}.Release|x64.ActiveCfg = Release|x64
		{E4E7B3FE-EB55-4A2A-A5AB-71302D2D3E63}.Release|x64.Build.0 = Release|x64
		{E4E7B3FE-EB55-4A2A-A5AB-71302D2D3E63}.Release|x86.ActiveCfg = Release|Win32
		{E4E7B3FE-EB55-4A2A-A5AB-71302D2D3E63}.Release|x86.Build.0 = Release|Win32
		{1D9849EB-6517-4F51-B2FC-8D5AE8EE9379}.Debug|x64.ActiveCfg = Debug|x64
		{1D9849EB-6517-4F51-B2FC-8D5AE8EE9379}.Debug|x64.Build.0 = Debug|x64
		{1D9849EB-6517-4F51-B2FC-8D5AE8EE9379}.Debug|x86.ActiveCfg = Debug|Win32
		{1D9849EB-6517-4F51-B2FC-8D5AE8EE9379}.Debug|x86.Build.0 = Debug|Win32
		{1D9849EB-6517-4F51-B2FC-8D5AE8EE9379}.Release|x64.ActiveCfg = Release|x64
		{1D9849EB-6517-4F51-B2FC-8D5AE8EE9379}.Release|x64.Build.0 = Release|x64
		{1D9849EB-6517-4F51-B2FC-8D5AE8EE9379}.Release|x86.ActiveCfg = Release|Win32
		{1D9849EB-6517-4F51-B2FC-8D5AE8EE9379}.Release|x86.Build.0 = Release|Win32
		{4518E274-FE59-4519-88D0-5DCC8E5EC21C}.Debug|x64.ActiveCfg = Debug|x64
		{4518E274-FE59-4519-88D0-5DCC8E5EC21C}.Debug|x64.Build.0 = Debug|x64
		{4518E274-FE59-4519-88D0-5DCC8E5EC21C}.Debug|x86.ActiveCfg = Debug|Win32
		{4518E274-FE59-4519-88D0-5DCC8E5EC21C}.Debug|x86.Build.0 = Debug|Win32
		{4518E274-FE59-4519-88D0-5DCC8E5EC21C}.Release|x64.ActiveCfg = Release|x64
		{4518E274-FE59-4519-88D0-5DCC8E5EC21C}.Release|x64.Build.0 = Release|x64
		{4518E274-FE59-4519-88D0-5DCC8E5EC21C}.Release|x86.ActiveCfg = Release|Win32
		{4518E274-FE59-4519-88D0-5DCC8E5EC21C}.Release|x86.Build.0 = Release|Win32
		{79ECE982-89D6-4E5B-B239-BE58F7A533E5}.Debug|x64.ActiveCfg = Debug|x64
		{79ECE982-89D6-4E5B-B239-BE58F7A533E5}.Debug|x64.Build.0 = Debug|x64
		{79ECE982-89D6-4E5B-B239-BE58F7A533E5}.Debug|x86.ActiveCfg = Debug|Win32
		{79ECE982-89D6-4E5B-B239-BE58F7A533E5}.Debug|x86.Build.0 = Debug|Win32
		{79ECE982-89D6-4E5B-B239-BE58F7A533E5}.Release|x64.ActiveCfg = Release|x64
		{79ECE982-89D6-4E5B-B239-BE58F7A533E5}.Release|x64.Build.0 = Release|x64
		{79ECE982-89D6-4E5B-B239-BE58F7A533E5}.Release|x86.ActiveCfg = Release|Win32
		{79ECE982-89D6-4E5B-B239-BE58F7A533E5}.Release|x86.Build.0 = Release|Win32
		{2B1EFA89-FFF9-458B-A6D0-9F24C21DF130}.Debug|x64.ActiveCfg = Debug|x64
		{2B1EFA89-FFF9-458B-A6D0-9F24C21DF130}.Debug|x64.Build.0 = Debug|x64
		{2B1EFA89-FFF9-458B-A6D0-9F24C21DF130}.Debug|x86.ActiveCfg = Debug|Win32
		{2B1EFA89-FFF9-458B-A6D0-9F24C21DF130}.Debug|x86.Build.0 = Debug|Win32
		{2B1EFA89-FFF9-458B-A6D0-9F24C21DF130}.Release|x64.ActiveCfg = Release|x64
		{2B1EFA89-FFF9-458B-A6D0-9F24C21DF130}.Release|x64.Build.0 = Release|x64
		{2B1EFA89-FFF9-458B-A6D0-9F24C21DF130}.Release|x86.ActiveCfg = Release|Win32
		{2B1EFA89-FFF9-458B-A6D0-9F24C21DF130}.Release|x86.Build.0 = Release|Win32
		{92B39515-F253-4056-A52C-AB650923FE0C}.Debug|x64.ActiveCfg = Debug|x64
		{92B39515-F253-4056-A52C-AB650923FE0C}.Debug|x64.Build.0 = Debug|x64
		{92B39515-F253-4056-A52C-AB650923FE0C}.Debug|x86.ActiveCfg = Debug|Win32
		{92B39515-F253-4056-A52C-AB650923FE0C}.Debug|x86.Build.0 = Debug|Win32
		{92B39515-F253-4056-A52C-AB650923FE0C}.Release|x64.ActiveCfg = Release|x64
		{92B39515-F253-4056-A52C-AB650923FE0C}.Release|x64.Build.0 = Release|x64
		{92B39515-F253-4056-A52C-AB650923FE0C}.Release|x86.ActiveCfg = Release|Win32
		{92B39515-F253-4056-A52C-AB650923FE0C}.Release|x86.Build.0 = Release|Win32
		{8DD5B42D-74FE-4088-8FE6-0CD509DA4F05}.Debug|x64.ActiveCfg = Debug|x64
		{8DD5B42D-74FE-4088-8FE6-0CD509DA4F05}.Debug|x64.Build.0 = Debug|x64
		{8DD5B42D-74FE-4088-8FE6-0CD509DA4F05}.Debug|x86.ActiveCfg = Debug|Win32
		{8DD5B42D-74FE-4088-8FE6-0CD509DA4F05}.Debug|x86.Build.0 = Debug|Win32
		{8DD5B42D-74FE-4088-8FE6-0CD509DA4F05}.Release|x64.ActiveCfg = Release|x64
		{8DD5B42D-74FE-4088-8FE6-0CD509DA4F05}.Release|x64.Build.0 = Release|x64
		{8DD5B42D-74FE-4088-8FE6-0CD509DA4F05}.Release|x86.ActiveCfg = Release|Win32
		{8DD5B42D-74FE-4088-8FE6-0CD509DA4F05}.Release|x86.Build.0 = Release|Win32
		{9400ACBF-FF50-40A1-9903-1C64AB0832E1}.Debug|x64.ActiveCfg = Debug|x64
		{9400ACBF-FF50-40A1-9903-1C64AB0832E1}.Debug|x64.Build.0 = Debug|x64
		{9400ACBF-FF50-40A1-9903-1C64AB0832E1}.Debug|x86.ActiveCfg = Debug|Win32
		{9400ACBF-FF50-40A1-9903-1C64AB0832E1}.Debug|x86.Build.0 = Debug|Win32
		{9400ACBF-FF50-40A1-9903-1C64AB0832E1}.Release|x64.ActiveCfg = Release|x64
		{9400ACBF-FF50-40A1-9903-1C64AB0832E1}.Release|x64.Build.0 = Release|x64
		{9400ACBF-FF50-40A1-9903-1C64AB0832E1}.Release|x86.ActiveCfg = Release|Win32
		{9400ACBF-FF50-40A1-9903-1C64AB0832E1}.Release|x86.Build.0 = Release|Win32
		{B0AAE09A-EB3B-4AA4-AEA4-287D476BE84E}.Debug|x64.ActiveCfg = Debug|x64
		{B0AAE09A-EB3B-4AA4-AEA4-287D476BE84E}.Debug|x64.Build.0 = Debug|x64
		{B0AAE09A-EB3B-4AA4-AEA4-287D476BE84E}.Debug|x86.ActiveCfg = Debug|Win32
		{B0AAE09A-EB3B-4AA4-AEA4-287D476BE84E}.Debug|x86.Build.0 = Debug|Win32
		{B0AAE09A-EB3B-4AA4-AEA4-287D476BE84E}.Release|x64.ActiveCfg = Release|x64
		{B0AAE09A-EB3B-4AA4-AEA4-287D476BE84E}.Release|x64.Build.0 = Release|x64
		{B0AAE09A-EB3B-4AA4-AEA4-287D476BE84E}.Release|x86.ActiveCfg = Release|Win32
		{B0AAE09A-EB3B-4AA4-AEA4-287D476BE84E}.Release|x86.Build.0 = Release|Win32
		{C6F94EB7-9B56-4B27-86BF-1BD5609CA8A0}.Debug|x64.ActiveCfg = Debug|x64
		{C6F94EB7-9B56-4B27-86BF-1BD5609CA8A0}.Debug|x64.Build.0 = Debug|x64
		{C6F94EB7-9B56-4B27-86BF-1BD5609CA8A0}.Debug|x86.ActiveCfg = Debug|Win32
		{C6F94EB7-9B56-4B27-86BF-1BD5609CA8A0}.Debug|x86.Build.0 = Debug|Win32
		{C6F94EB7-9B56-4B27-86BF-1BD5609CA8A0}.Release|x64.ActiveCfg = Release|x64
		{C6F94EB7-9B56-4B27-86BF-1BD5609CA8A0}.Release|x64.Build.0 = Release|x64
		{C6F94EB7-9B56-4B27-86BF-1BD5609CA8A0}.Release|x86.ActiveCfg = Release|Win32
		{C6F94EB7-9B56-4B27-86BF-1BD5609CA8A0}.Release|x86.Build.0 = Release|Win32
	EndGlobalSection
	GlobalSection(SolutionProperties) = preSolution
		HideSolutionNode = FALSE
	EndGlobalSection
	GlobalSection(ExtensibilityGlobals) = postSolution
		SolutionGuid = {304896BD-3B1F-46B3-81B2-A50A2FAC3CB5}
	EndGlobalSection
EndGlobal
