
Microsoft Visual Studio Solution File, Format Version 12.00
# Visual Studio 15
VisualStudioVersion = 15.0.27703.2042
MinimumVisualStudioVersion = 10.0.40219.1
Project("{FAE04EC0-301F-11D3-BF4B-00C04F79EFBC}") = "GerenciamentoAgenda", "GerenciamentoAgenda\GerenciamentoAgenda.csproj", "{073E159F-1C05-4738-84F9-90FDF5A3CFAD}"
EndProject
Global
	GlobalSection(SolutionConfigurationPlatforms) = preSolution
		Debug|Any CPU = Debug|Any CPU
		Release|Any CPU = Release|Any CPU
	EndGlobalSection
	GlobalSection(ProjectConfigurationPlatforms) = postSolution
		{073E159F-1C05-4738-84F9-90FDF5A3CFAD}.Debug|Any CPU.ActiveCfg = Debug|Any CPU
		{073E159F-1C05-4738-84F9-90FDF5A3CFAD}.Debug|Any CPU.Build.0 = Debug|Any CPU
		{073E159F-1C05-4738-84F9-90FDF5A3CFAD}.Release|Any CPU.ActiveCfg = Release|Any CPU
		{073E159F-1C05-4738-84F9-90FDF5A3CFAD}.Release|Any CPU.Build.0 = Release|Any CPU
	EndGlobalSection
	GlobalSection(SolutionProperties) = preSolution
		HideSolutionNode = FALSE
	EndGlobalSection
	GlobalSection(ExtensibilityGlobals) = postSolution
		SolutionGuid = {12C00851-372C-4A1C-A3F3-3A75D80E105E}
	EndGlobalSection
EndGlobal
